# This file is autogenerated, do not edit; changes may be undone by the next 'dep ensure'.


[[projects]]
  name = "github.com/davecgh/go-spew"
  packages = ["spew"]
  revision = "346938d642f2ec3594ed81d874461961cd0faa76"
  version = "v1.1.0"

[[projects]]
  branch = "master"
  name = "github.com/golang/protobuf"
  packages = ["proto","ptypes/any"]
  revision = "6a1fa9404c0aebf36c879bc50152edcc953910d2"

[[projects]]
  branch = "master"
  name = "github.com/nlopes/slack"
  packages = ["."]
  revision = "ca8436d76f805ec1e682eaae2de3c3a9bc894b0f"

[[projects]]
  branch = "master"
  name = "golang.org/x/net"
  packages = ["context","http2","http2/hpack","idna","internal/timeseries","lex/httplex","trace","websocket"]
  revision = "054b33e6527139ad5b1ec2f6232c3b175bd9a30c"

[[projects]]
  branch = "master"
  name = "golang.org/x/text"
  packages = ["internal/gen","internal/triegen","internal/ucd","secure/bidirule","transform","unicode/bidi","unicode/cldr","unicode/norm","unicode/rangetable"]
  revision = "cfdf022e86b4ecfb646e1efbd7db175dd623a8fa"

[[projects]]
  branch = "master"
  name = "google.golang.org/genproto"
  packages = ["googleapis/rpc/status"]
  revision = "40b7550fd0ba4b8f7e9d70ed40fcd4f3375db1de"

[[projects]]
  name = "google.golang.org/grpc"
  packages = [".","codes","credentials","grpclb/grpc_lb_v1","grpclog","internal","keepalive","metadata","naming","peer","stats","status","tap","transport"]
  revision = "b15215fb911b24a5d61d57feec4233d610530464"
  version = "v1.4.2"

[solve-meta]
  analyzer-name = "dep"
  analyzer-version = 1
  inputs-digest = "3cf07d62b66901332c60821e38f4ee74dc49c465964d6fb85fd134e587d614ed"
  solver-name = "gps-cdcl"
  solver-version = 1
